
Microsoft Visual Studio Solution File, Format Version 12.00
# Visual Studio Version 16
VisualStudioVersion = 16.0.29519.87
MinimumVisualStudioVersion = 10.0.40219.1
Project("{888888A0-9F3D-457C-B088-3A5042F75D52}") = "fp", "fp\fp.pyproj", "{6041BC3C-5D71-4D66-A0BA-049D27E52AA9}"
EndProject
Global
	GlobalSection(SolutionConfigurationPlatforms) = preSolution
		Debug|Any CPU = Debug|Any CPU
		Release|Any CPU = Release|Any CPU
	EndGlobalSection
	GlobalSection(ProjectConfigurationPlatforms) = postSolution
		{6041BC3C-5D71-4D66-A0BA-049D27E52AA9}.Debug|Any CPU.ActiveCfg = Debug|Any CPU
		{6041BC3C-5D71-4D66-A0BA-049D27E52AA9}.Debug|Any CPU.Build.0 = Debug|Any CPU
		{6041BC3C-5D71-4D66-A0BA-049D27E52AA9}.Release|Any CPU.ActiveCfg = Release|Any CPU
		{6041BC3C-5D71-4D66-A0BA-049D27E52AA9}.Release|Any CPU.Build.0 = Release|Any CPU
	EndGlobalSection
	GlobalSection(SolutionProperties) = preSolution
		HideSolutionNode = FALSE
	EndGlobalSection
	GlobalSection(ExtensibilityGlobals) = postSolution
		SolutionGuid = {F5FB6F11-8D41-4062-AD93-42B041648D8C}
	EndGlobalSection
EndGlobal
